<?xml version="1.0" encoding="utf-8"?>
<Project ToolsVersion="4.0" xmlns="http://schemas.microsoft.com/developer/msbuild/2003">
  <ItemGroup>
    <Filter Include="Source Files">
      <UniqueIdentifier>{4FC737F1-C7A5-4376-A066-2A32D752A2FF}</UniqueIdentifier>
      <Extensions>cpp;c;cc;cxx;def;odl;idl;hpj;bat;asm;asmx</Extensions>
    </Filter>
    <Filter Include="Header Files">
      <UniqueIdentifier>{93995380-89BD-4b04-88EB-625FBE52EBFB}</UniqueIdentifier>
      <Extensions>h;hh;hpp;hxx;hm;inl;inc;ipp;xsd</Extensions>
    </Filter>
    <Filter Include="Resource Files">
      <UniqueIdentifier>{67DA6AB6-F800-4c08-8B7A-83BB121AAD01}</UniqueIdentifier>
      <Extensions>rc;ico;cur;bmp;dlg;rc2;rct;bin;rgs;gif;jpg;jpeg;jpe;resx;tiff;tif;png;wav;mfcribbon-ms</Extensions>
    </Filter>
  </ItemGroup>
  <ItemGroup>
    <ClCompile Include="Date.cpp">
      <Filter>Source Files</Filter>
    </ClCompile>
    <ClCompile Include="citizen.cpp">
      <Filter>Source Files</Filter>
    </ClCompile>
    <ClCompile Include="Party.cpp">
      <Filter>Source Files</Filter>
    </ClCompile>
    <ClCompile Include="District.cpp">
      <Filter>Source Files</Filter>
    </ClCompile>
    <ClCompile Include="main.cpp">
      <Filter>Source Files</Filter>
    </ClCompile>
    <ClCompile Include="Elections.cpp">
      <Filter>Source Files</Filter>
    </ClCompile>
    <ClCompile Include="ElectionResults.cpp">
      <Filter>Source Files</Filter>
    </ClCompile>
    <ClCompile Include="CitizensList.cpp">
      <Filter>Source Files</Filter>
    </ClCompile>
    <ClCompile Include="DistrictPartyResults.cpp">
      <Filter>Source Files</Filter>
    </ClCompile>
    <ClCompile Include="StringHelper.cpp">
      <Filter>Source Files</Filter>
    </ClCompile>
    <ClCompile Include="DistrictsList.cpp">
      <Filter>Source Files</Filter>
    </ClCompile>
    <ClCompile Include="PartyList.cpp">
      <Filter>Source Files</Filter>
    </ClCompile>
    <ClCompile Include="DistrictCandidtates.cpp">
      <Filter>Source Files</Filter>
    </ClCompile>
    <ClCompile Include="DistrictCandidatesArr.cpp">
      <Filter>Source Files</Filter>
    </ClCompile>
    <ClCompile Include="CitizenListHelper.cpp">
      <Filter>Source Files</Filter>
    </ClCompile>
    <ClCompile Include="DistrictCandidatesArrHelper.cpp">
      <Filter>Source Files</Filter>
    </ClCompile>
    <ClCompile Include="DistrictListHelper.cpp">
      <Filter>Source Files</Filter>
    </ClCompile>
    <ClCompile Include="ElectionResultsHelper.cpp">
      <Filter>Source Files</Filter>
    </ClCompile>
    <ClCompile Include="PartyListHelper.cpp">
      <Filter>Source Files</Filter>
    </ClCompile>
  </ItemGroup>
  <ItemGroup>
    <ClInclude Include="Date.h">
      <Filter>Header Files</Filter>
    </ClInclude>
    <ClInclude Include="citizen.h">
      <Filter>Header Files</Filter>
    </ClInclude>
    <ClInclude Include="Party.h">
      <Filter>Header Files</Filter>
    </ClInclude>
    <ClInclude Include="District.h">
      <Filter>Header Files</Filter>
    </ClInclude>
    <ClInclude Include="Elections.h">
      <Filter>Header Files</Filter>
    </ClInclude>
    <ClInclude Include="ElectionResults.h">
      <Filter>Header Files</Filter>
    </ClInclude>
    <ClInclude Include="CitizensList.h">
      <Filter>Header Files</Filter>
    </ClInclude>
    <ClInclude Include="DistrictPartyResults.h">
      <Filter>Header Files</Filter>
    </ClInclude>
    <ClInclude Include="StringHelper.h">
      <Filter>Header Files</Filter>
    </ClInclude>
    <ClInclude Include="DistrictsList.h">
      <Filter>Header Files</Filter>
    </ClInclude>
    <ClInclude Include="PartyList.h">
      <Filter>Header Files</Filter>
    </ClInclude>
    <ClInclude Include="DistrictCandidates.h">
      <Filter>Header Files</Filter>
    </ClInclude>
    <ClInclude Include="DistrictCandidatesArr.h">
      <Filter>Header Files</Filter>
    </ClInclude>
    <ClInclude Include="CitizenListHelper.h">
      <Filter>Header Files</Filter>
    </ClInclude>
    <ClInclude Include="DistrictCandidatesArrHelper.h">
      <Filter>Header Files</Filter>
    </ClInclude>
    <ClInclude Include="DistrictListHelper.h">
      <Filter>Header Files</Filter>
    </ClInclude>
    <ClInclude Include="ElectionResultsHelper.h">
      <Filter>Header Files</Filter>
    </ClInclude>
    <ClInclude Include="PartyListHelper.h">
      <Filter>Header Files</Filter>
    </ClInclude>
  </ItemGroup>
</Project>